// !$*UTF8*$!
{
	archiveVersion = 1;
	classes = {
	};
	objectVersion = 46;
	objects = {

/* Begin PBXBuildFile section */
		032D0CA1168C2464004EF5DB /* TasteLogger.m in Sources */ = {isa = PBXBuildFile; fileRef = 032D0CA0168C2464004EF5DB /* TasteLogger.m */; };
		032D0CAC168E296B004EF5DB /* NICInfo.m in Sources */ = {isa = PBXBuildFile; fileRef = 032D0CA8168E28DE004EF5DB /* NICInfo.m */; };
		032D0CAD168E296B004EF5DB /* NICInfoSummary.m in Sources */ = {isa = PBXBuildFile; fileRef = 032D0CAA168E28DE004EF5DB /* NICInfoSummary.m */; };
		03E92962168BC711006ABA92 /* Cocoa.framework in Frameworks */ = {isa = PBXBuildFile; fileRef = 03E92961168BC711006ABA92 /* Cocoa.framework */; };
		03E9296C168BC712006ABA92 /* InfoPlist.strings in Resources */ = {isa = PBXBuildFile; fileRef = 03E9296A168BC712006ABA92 /* InfoPlist.strings */; };
		03E9296E168BC712006ABA92 /* main.m in Sources */ = {isa = PBXBuildFile; fileRef = 03E9296D168BC712006ABA92 /* main.m */; };
		03E92975168BC712006ABA92 /* AppDelegate.m in Sources */ = {isa = PBXBuildFile; fileRef = 03E92974168BC712006ABA92 /* AppDelegate.m */; };
		03E92978168BC712006ABA92 /* MainMenu.xib in Resources */ = {isa = PBXBuildFile; fileRef = 03E92976168BC712006ABA92 /* MainMenu.xib */; };
		03E92981168BC74D006ABA92 /* MenuController.m in Sources */ = {isa = PBXBuildFile; fileRef = 03E9297F168BC74D006ABA92 /* MenuController.m */; };
		03E92982168BC74D006ABA92 /* MenuController.xib in Resources */ = {isa = PBXBuildFile; fileRef = 03E92980168BC74D006ABA92 /* MenuController.xib */; };
		03E92986168BCCCB006ABA92 /* en_menu.png in Resources */ = {isa = PBXBuildFile; fileRef = 03E92984168BCCCB006ABA92 /* en_menu.png */; };
		03E92987168BCCCB006ABA92 /* en_powered.png in Resources */ = {isa = PBXBuildFile; fileRef = 03E92985168BCCCB006ABA92 /* en_powered.png */; };
		03E92997168BCD77006ABA92 /* AppWatcher.m in Sources */ = {isa = PBXBuildFile; fileRef = 03E92989168BCD76006ABA92 /* AppWatcher.m */; };
		03E92998168BCD77006ABA92 /* GenericWatcher.m in Sources */ = {isa = PBXBuildFile; fileRef = 03E9298B168BCD76006ABA92 /* GenericWatcher.m */; };
		03E92999168BCD77006ABA92 /* iTunesWatcher.m in Sources */ = {isa = PBXBuildFile; fileRef = 03E9298E168BCD76006ABA92 /* iTunesWatcher.m */; };
		03E9299A168BCD77006ABA92 /* RdioWatcher.m in Sources */ = {isa = PBXBuildFile; fileRef = 03E92991168BCD76006ABA92 /* RdioWatcher.m */; };
		03E9299B168BCD77006ABA92 /* SpotifyWatcher.m in Sources */ = {isa = PBXBuildFile; fileRef = 03E92994168BCD77006ABA92 /* SpotifyWatcher.m */; };
		03E9299C168BCD77006ABA92 /* Taste.m in Sources */ = {isa = PBXBuildFile; fileRef = 03E92996168BCD77006ABA92 /* Taste.m */; };
		03E9299E168BCDCE006ABA92 /* ScriptingBridge.framework in Frameworks */ = {isa = PBXBuildFile; fileRef = 03E9299D168BCDCE006ABA92 /* ScriptingBridge.framework */; };
		03E929A3168BCE6D006ABA92 /* DefaultPrefs.plist in Resources */ = {isa = PBXBuildFile; fileRef = 03E9299F168BCE6D006ABA92 /* DefaultPrefs.plist */; };
		03E929A4168BCE6D006ABA92 /* Preferences.xib in Resources */ = {isa = PBXBuildFile; fileRef = 03E929A0168BCE6D006ABA92 /* Preferences.xib */; };
		03E929A5168BCE6D006ABA92 /* PreferencesController.m in Sources */ = {isa = PBXBuildFile; fileRef = 03E929A2168BCE6D006ABA92 /* PreferencesController.m */; };
/* End PBXBuildFile section */

/* Begin PBXFileReference section */
		032D0C9F168C2463004EF5DB /* TasteLogger.h */ = {isa = PBXFileReference; fileEncoding = 4; lastKnownFileType = sourcecode.c.h; path = TasteLogger.h; sourceTree = "<group>"; };
		032D0CA0168C2464004EF5DB /* TasteLogger.m */ = {isa = PBXFileReference; fileEncoding = 4; lastKnownFileType = sourcecode.c.objc; path = TasteLogger.m; sourceTree = "<group>"; };
		032D0CA8168E28DE004EF5DB /* NICInfo.m */ = {isa = PBXFileReference; lastKnownFileType = sourcecode.c.objc; path = NICInfo.m; sourceTree = "<group>"; };
		032D0CA9168E28DE004EF5DB /* NICInfoSummary.h */ = {isa = PBXFileReference; lastKnownFileType = sourcecode.c.h; path = NICInfoSummary.h; sourceTree = "<group>"; };
		032D0CAA168E28DE004EF5DB /* NICInfoSummary.m */ = {isa = PBXFileReference; lastKnownFileType = sourcecode.c.objc; path = NICInfoSummary.m; sourceTree = "<group>"; };
		032D0CAB168E28DE004EF5DB /* NICInfo.h */ = {isa = PBXFileReference; lastKnownFileType = sourcecode.c.h; path = NICInfo.h; sourceTree = "<group>"; };
		03E9295D168BC711006ABA92 /* tasty.app */ = {isa = PBXFileReference; explicitFileType = wrapper.application; includeInIndex = 0; path = tasty.app; sourceTree = BUILT_PRODUCTS_DIR; };
		03E92961168BC711006ABA92 /* Cocoa.framework */ = {isa = PBXFileReference; lastKnownFileType = wrapper.framework; name = Cocoa.framework; path = System/Library/Frameworks/Cocoa.framework; sourceTree = SDKROOT; };
		03E92964168BC711006ABA92 /* AppKit.framework */ = {isa = PBXFileReference; lastKnownFileType = wrapper.framework; name = AppKit.framework; path = System/Library/Frameworks/AppKit.framework; sourceTree = SDKROOT; };
		03E92965168BC711006ABA92 /* CoreData.framework */ = {isa = PBXFileReference; lastKnownFileType = wrapper.framework; name = CoreData.framework; path = System/Library/Frameworks/CoreData.framework; sourceTree = SDKROOT; };
		03E92966168BC711006ABA92 /* Foundation.framework */ = {isa = PBXFileReference; lastKnownFileType = wrapper.framework; name = Foundation.framework; path = System/Library/Frameworks/Foundation.framework; sourceTree = SDKROOT; };
		03E92969168BC711006ABA92 /* tasty-Info.plist */ = {isa = PBXFileReference; lastKnownFileType = text.plist.xml; path = "tasty-Info.plist"; sourceTree = "<group>"; };
		03E9296B168BC712006ABA92 /* en */ = {isa = PBXFileReference; lastKnownFileType = text.plist.strings; name = en; path = en.lproj/InfoPlist.strings; sourceTree = "<group>"; };
		03E9296D168BC712006ABA92 /* main.m */ = {isa = PBXFileReference; lastKnownFileType = sourcecode.c.objc; path = main.m; sourceTree = "<group>"; };
		03E9296F168BC712006ABA92 /* tasty-Prefix.pch */ = {isa = PBXFileReference; lastKnownFileType = sourcecode.c.h; path = "tasty-Prefix.pch"; sourceTree = "<group>"; };
		03E92973168BC712006ABA92 /* AppDelegate.h */ = {isa = PBXFileReference; lastKnownFileType = sourcecode.c.h; path = AppDelegate.h; sourceTree = "<group>"; };
		03E92974168BC712006ABA92 /* AppDelegate.m */ = {isa = PBXFileReference; lastKnownFileType = sourcecode.c.objc; path = AppDelegate.m; sourceTree = "<group>"; };
		03E92977168BC712006ABA92 /* en */ = {isa = PBXFileReference; lastKnownFileType = file.xib; name = en; path = en.lproj/MainMenu.xib; sourceTree = "<group>"; };
		03E9297E168BC74D006ABA92 /* MenuController.h */ = {isa = PBXFileReference; fileEncoding = 4; lastKnownFileType = sourcecode.c.h; path = MenuController.h; sourceTree = "<group>"; };
		03E9297F168BC74D006ABA92 /* MenuController.m */ = {isa = PBXFileReference; fileEncoding = 4; lastKnownFileType = sourcecode.c.objc; path = MenuController.m; sourceTree = "<group>"; };
		03E92980168BC74D006ABA92 /* MenuController.xib */ = {isa = PBXFileReference; fileEncoding = 4; lastKnownFileType = file.xib; path = MenuController.xib; sourceTree = "<group>"; };
		03E92984168BCCCB006ABA92 /* en_menu.png */ = {isa = PBXFileReference; lastKnownFileType = image.png; path = en_menu.png; sourceTree = "<group>"; };
		03E92985168BCCCB006ABA92 /* en_powered.png */ = {isa = PBXFileReference; lastKnownFileType = image.png; path = en_powered.png; sourceTree = "<group>"; };
		03E92988168BCD76006ABA92 /* AppWatcher.h */ = {isa = PBXFileReference; fileEncoding = 4; lastKnownFileType = sourcecode.c.h; path = AppWatcher.h; sourceTree = "<group>"; };
		03E92989168BCD76006ABA92 /* AppWatcher.m */ = {isa = PBXFileReference; fileEncoding = 4; lastKnownFileType = sourcecode.c.objc; path = AppWatcher.m; sourceTree = "<group>"; };
		03E9298A168BCD76006ABA92 /* GenericWatcher.h */ = {isa = PBXFileReference; fileEncoding = 4; lastKnownFileType = sourcecode.c.h; path = GenericWatcher.h; sourceTree = "<group>"; };
		03E9298B168BCD76006ABA92 /* GenericWatcher.m */ = {isa = PBXFileReference; fileEncoding = 4; lastKnownFileType = sourcecode.c.objc; path = GenericWatcher.m; sourceTree = "<group>"; };
		03E9298C168BCD76006ABA92 /* iTunes.h */ = {isa = PBXFileReference; fileEncoding = 4; lastKnownFileType = sourcecode.c.h; path = iTunes.h; sourceTree = "<group>"; };
		03E9298D168BCD76006ABA92 /* iTunesWatcher.h */ = {isa = PBXFileReference; fileEncoding = 4; lastKnownFileType = sourcecode.c.h; path = iTunesWatcher.h; sourceTree = "<group>"; };
		03E9298E168BCD76006ABA92 /* iTunesWatcher.m */ = {isa = PBXFileReference; fileEncoding = 4; lastKnownFileType = sourcecode.c.objc; path = iTunesWatcher.m; sourceTree = "<group>"; };
		03E9298F168BCD76006ABA92 /* Rdio.h */ = {isa = PBXFileReference; fileEncoding = 4; lastKnownFileType = sourcecode.c.h; path = Rdio.h; sourceTree = "<group>"; };
		03E92990168BCD76006ABA92 /* RdioWatcher.h */ = {isa = PBXFileReference; fileEncoding = 4; lastKnownFileType = sourcecode.c.h; path = RdioWatcher.h; sourceTree = "<group>"; };
		03E92991168BCD76006ABA92 /* RdioWatcher.m */ = {isa = PBXFileReference; fileEncoding = 4; lastKnownFileType = sourcecode.c.objc; path = RdioWatcher.m; sourceTree = "<group>"; };
		03E92992168BCD76006ABA92 /* Spotify.h */ = {isa = PBXFileReference; fileEncoding = 4; lastKnownFileType = sourcecode.c.h; path = Spotify.h; sourceTree = "<group>"; };
		03E92993168BCD76006ABA92 /* SpotifyWatcher.h */ = {isa = PBXFileReference; fileEncoding = 4; lastKnownFileType = sourcecode.c.h; path = SpotifyWatcher.h; sourceTree = "<group>"; };
		03E92994168BCD77006ABA92 /* SpotifyWatcher.m */ = {isa = PBXFileReference; fileEncoding = 4; lastKnownFileType = sourcecode.c.objc; path = SpotifyWatcher.m; sourceTree = "<group>"; };
		03E92995168BCD77006ABA92 /* Taste.h */ = {isa = PBXFileReference; fileEncoding = 4; lastKnownFileType = sourcecode.c.h; path = Taste.h; sourceTree = "<group>"; };
		03E92996168BCD77006ABA92 /* Taste.m */ = {isa = PBXFileReference; fileEncoding = 4; lastKnownFileType = sourcecode.c.objc; path = Taste.m; sourceTree = "<group>"; };
		03E9299D168BCDCE006ABA92 /* ScriptingBridge.framework */ = {isa = PBXFileReference; lastKnownFileType = wrapper.framework; name = ScriptingBridge.framework; path = System/Library/Frameworks/ScriptingBridge.framework; sourceTree = SDKROOT; };
		03E9299F168BCE6D006ABA92 /* DefaultPrefs.plist */ = {isa = PBXFileReference; fileEncoding = 4; lastKnownFileType = text.plist.xml; name = DefaultPrefs.plist; path = "../../tasty-menubar-cocoa/tasty-menubar-cocoa/DefaultPrefs.plist"; sourceTree = "<group>"; };
		03E929A0168BCE6D006ABA92 /* Preferences.xib */ = {isa = PBXFileReference; fileEncoding = 4; lastKnownFileType = file.xib; name = Preferences.xib; path = "../../tasty-menubar-cocoa/tasty-menubar-cocoa/Preferences.xib"; sourceTree = "<group>"; };
		03E929A1168BCE6D006ABA92 /* PreferencesController.h */ = {isa = PBXFileReference; fileEncoding = 4; lastKnownFileType = sourcecode.c.h; name = PreferencesController.h; path = "../../tasty-menubar-cocoa/tasty-menubar-cocoa/PreferencesController.h"; sourceTree = "<group>"; };
		03E929A2168BCE6D006ABA92 /* PreferencesController.m */ = {isa = PBXFileReference; fileEncoding = 4; lastKnownFileType = sourcecode.c.objc; name = PreferencesController.m; path = "../../tasty-menubar-cocoa/tasty-menubar-cocoa/PreferencesController.m"; sourceTree = "<group>"; };
/* End PBXFileReference section */

/* Begin PBXFrameworksBuildPhase section */
		03E9295A168BC711006ABA92 /* Frameworks */ = {
			isa = PBXFrameworksBuildPhase;
			buildActionMask = 2147483647;
			files = (
				03E9299E168BCDCE006ABA92 /* ScriptingBridge.framework in Frameworks */,
				03E92962168BC711006ABA92 /* Cocoa.framework in Frameworks */,
			);
			runOnlyForDeploymentPostprocessing = 0;
		};
/* End PBXFrameworksBuildPhase section */

/* Begin PBXGroup section */
		032D0C9D168C234A004EF5DB /* AppWatchers */ = {
			isa = PBXGroup;
			children = (
				03E9298A168BCD76006ABA92 /* GenericWatcher.h */,
				03E9298B168BCD76006ABA92 /* GenericWatcher.m */,
				03E9298C168BCD76006ABA92 /* iTunes.h */,
				03E9298D168BCD76006ABA92 /* iTunesWatcher.h */,
				03E9298E168BCD76006ABA92 /* iTunesWatcher.m */,
				03E9298F168BCD76006ABA92 /* Rdio.h */,
				03E92990168BCD76006ABA92 /* RdioWatcher.h */,
				03E92991168BCD76006ABA92 /* RdioWatcher.m */,
				03E92992168BCD76006ABA92 /* Spotify.h */,
				03E92993168BCD76006ABA92 /* SpotifyWatcher.h */,
				03E92994168BCD77006ABA92 /* SpotifyWatcher.m */,
			);
			name = AppWatchers;
			sourceTree = "<group>";
		};
		032D0CA6168E28BE004EF5DB /* NICInfo */ = {
			isa = PBXGroup;
			children = (
				032D0CA8168E28DE004EF5DB /* NICInfo.m */,
				032D0CA9168E28DE004EF5DB /* NICInfoSummary.h */,
				032D0CAA168E28DE004EF5DB /* NICInfoSummary.m */,
				032D0CAB168E28DE004EF5DB /* NICInfo.h */,
			);
			name = NICInfo;
			sourceTree = "<group>";
		};
		03E92952168BC711006ABA92 = {
			isa = PBXGroup;
			children = (
				03E9299D168BCDCE006ABA92 /* ScriptingBridge.framework */,
				03E92967168BC711006ABA92 /* tasty */,
				03E92960168BC711006ABA92 /* Frameworks */,
				03E9295E168BC711006ABA92 /* Products */,
			);
			sourceTree = "<group>";
		};
		03E9295E168BC711006ABA92 /* Products */ = {
			isa = PBXGroup;
			children = (
				03E9295D168BC711006ABA92 /* tasty.app */,
			);
			name = Products;
			sourceTree = "<group>";
		};
		03E92960168BC711006ABA92 /* Frameworks */ = {
			isa = PBXGroup;
			children = (
				03E92961168BC711006ABA92 /* Cocoa.framework */,
				03E92963168BC711006ABA92 /* Other Frameworks */,
			);
			name = Frameworks;
			sourceTree = "<group>";
		};
		03E92963168BC711006ABA92 /* Other Frameworks */ = {
			isa = PBXGroup;
			children = (
				03E92964168BC711006ABA92 /* AppKit.framework */,
				03E92965168BC711006ABA92 /* CoreData.framework */,
				03E92966168BC711006ABA92 /* Foundation.framework */,
			);
			name = "Other Frameworks";
			sourceTree = "<group>";
		};
		03E92967168BC711006ABA92 /* tasty */ = {
			isa = PBXGroup;
			children = (
				03E929A7168BCF04006ABA92 /* Interfaces */,
				03E929A6168BCEE5006ABA92 /* Classes */,
				03E92968168BC711006ABA92 /* Supporting Files */,
			);
			path = tasty;
			sourceTree = "<group>";
		};
		03E92968168BC711006ABA92 /* Supporting Files */ = {
			isa = PBXGroup;
			children = (
				03E9299F168BCE6D006ABA92 /* DefaultPrefs.plist */,
				03E92984168BCCCB006ABA92 /* en_menu.png */,
				03E92985168BCCCB006ABA92 /* en_powered.png */,
				03E92969168BC711006ABA92 /* tasty-Info.plist */,
				03E9296A168BC712006ABA92 /* InfoPlist.strings */,
				03E9296D168BC712006ABA92 /* main.m */,
				03E9296F168BC712006ABA92 /* tasty-Prefix.pch */,
			);
			name = "Supporting Files";
			sourceTree = "<group>";
		};
		03E929A6168BCEE5006ABA92 /* Classes */ = {
			isa = PBXGroup;
			children = (
				032D0CA6168E28BE004EF5DB /* NICInfo */,
				032D0C9D168C234A004EF5DB /* AppWatchers */,
				03E9297E168BC74D006ABA92 /* MenuController.h */,
				03E9297F168BC74D006ABA92 /* MenuController.m */,
				03E929A1168BCE6D006ABA92 /* PreferencesController.h */,
				03E929A2168BCE6D006ABA92 /* PreferencesController.m */,
				03E92988168BCD76006ABA92 /* AppWatcher.h */,
				03E92989168BCD76006ABA92 /* AppWatcher.m */,
				03E92995168BCD77006ABA92 /* Taste.h */,
				03E92996168BCD77006ABA92 /* Taste.m */,
				03E92973168BC712006ABA92 /* AppDelegate.h */,
				03E92974168BC712006ABA92 /* AppDelegate.m */,
				032D0C9F168C2463004EF5DB /* TasteLogger.h */,
				032D0CA0168C2464004EF5DB /* TasteLogger.m */,
			);
			name = Classes;
			sourceTree = "<group>";
		};
		03E929A7168BCF04006ABA92 /* Interfaces */ = {
			isa = PBXGroup;
			children = (
				03E929A0168BCE6D006ABA92 /* Preferences.xib */,
				03E92976168BC712006ABA92 /* MainMenu.xib */,
				03E92980168BC74D006ABA92 /* MenuController.xib */,
			);
			name = Interfaces;
			sourceTree = "<group>";
		};
/* End PBXGroup section */

/* Begin PBXNativeTarget section */
		03E9295C168BC711006ABA92 /* tasty */ = {
			isa = PBXNativeTarget;
			buildConfigurationList = 03E9297B168BC712006ABA92 /* Build configuration list for PBXNativeTarget "tasty" */;
			buildPhases = (
				03E92959168BC711006ABA92 /* Sources */,
				03E9295A168BC711006ABA92 /* Frameworks */,
				03E9295B168BC711006ABA92 /* Resources */,
			);
			buildRules = (
			);
			dependencies = (
			);
			name = tasty;
			productName = tasty;
			productReference = 03E9295D168BC711006ABA92 /* tasty.app */;
			productType = "com.apple.product-type.application";
		};
/* End PBXNativeTarget section */

/* Begin PBXProject section */
		03E92954168BC711006ABA92 /* Project object */ = {
			isa = PBXProject;
			attributes = {
				LastUpgradeCheck = 0450;
				ORGANIZATIONNAME = "Tyler Williams";
			};
			buildConfigurationList = 03E92957168BC711006ABA92 /* Build configuration list for PBXProject "tasty" */;
			compatibilityVersion = "Xcode 3.2";
			developmentRegion = English;
			hasScannedForEncodings = 0;
			knownRegions = (
				en,
			);
			mainGroup = 03E92952168BC711006ABA92;
			productRefGroup = 03E9295E168BC711006ABA92 /* Products */;
			projectDirPath = "";
			projectRoot = "";
			targets = (
				03E9295C168BC711006ABA92 /* tasty */,
			);
		};
/* End PBXProject section */

/* Begin PBXResourcesBuildPhase section */
		03E9295B168BC711006ABA92 /* Resources */ = {
			isa = PBXResourcesBuildPhase;
			buildActionMask = 2147483647;
			files = (
				03E9296C168BC712006ABA92 /* InfoPlist.strings in Resources */,
				03E92978168BC712006ABA92 /* MainMenu.xib in Resources */,
				03E92982168BC74D006ABA92 /* MenuController.xib in Resources */,
				03E92986168BCCCB006ABA92 /* en_menu.png in Resources */,
				03E92987168BCCCB006ABA92 /* en_powered.png in Resources */,
				03E929A3168BCE6D006ABA92 /* DefaultPrefs.plist in Resources */,
				03E929A4168BCE6D006ABA92 /* Preferences.xib in Resources */,
			);
			runOnlyForDeploymentPostprocessing = 0;
		};
/* End PBXResourcesBuildPhase section */

/* Begin PBXSourcesBuildPhase section */
		03E92959168BC711006ABA92 /* Sources */ = {
			isa = PBXSourcesBuildPhase;
			buildActionMask = 2147483647;
			files = (
				032D0CAC168E296B004EF5DB /* NICInfo.m in Sources */,
				032D0CAD168E296B004EF5DB /* NICInfoSummary.m in Sources */,
				03E9296E168BC712006ABA92 /* main.m in Sources */,
				03E92975168BC712006ABA92 /* AppDelegate.m in Sources */,
				03E92981168BC74D006ABA92 /* MenuController.m in Sources */,
				03E92997168BCD77006ABA92 /* AppWatcher.m in Sources */,
				03E92998168BCD77006ABA92 /* GenericWatcher.m in Sources */,
				03E92999168BCD77006ABA92 /* iTunesWatcher.m in Sources */,
				03E9299A168BCD77006ABA92 /* RdioWatcher.m in Sources */,
				03E9299B168BCD77006ABA92 /* SpotifyWatcher.m in Sources */,
				03E9299C168BCD77006ABA92 /* Taste.m in Sources */,
				03E929A5168BCE6D006ABA92 /* PreferencesController.m in Sources */,
				032D0CA1168C2464004EF5DB /* TasteLogger.m in Sources */,
			);
			runOnlyForDeploymentPostprocessing = 0;
		};
/* End PBXSourcesBuildPhase section */

/* Begin PBXVariantGroup section */
		03E9296A168BC712006ABA92 /* InfoPlist.strings */ = {
			isa = PBXVariantGroup;
			children = (
				03E9296B168BC712006ABA92 /* en */,
			);
			name = InfoPlist.strings;
			sourceTree = "<group>";
		};
		03E92976168BC712006ABA92 /* MainMenu.xib */ = {
			isa = PBXVariantGroup;
			children = (
				03E92977168BC712006ABA92 /* en */,
			);
			name = MainMenu.xib;
			sourceTree = "<group>";
		};
/* End PBXVariantGroup section */

/* Begin XCBuildConfiguration section */
		03E92979168BC712006ABA92 /* Debug */ = {
			isa = XCBuildConfiguration;
			buildSettings = {
				ALWAYS_SEARCH_USER_PATHS = NO;
				ARCHS = "$(ARCHS_STANDARD_64_BIT)";
				CLANG_CXX_LANGUAGE_STANDARD = "gnu++0x";
				CLANG_CXX_LIBRARY = "libc++";
				CLANG_ENABLE_OBJC_ARC = YES;
				CLANG_WARN_EMPTY_BODY = YES;
				CLANG_WARN__DUPLICATE_METHOD_MATCH = YES;
				COPY_PHASE_STRIP = NO;
				GCC_C_LANGUAGE_STANDARD = gnu99;
				GCC_DYNAMIC_NO_PIC = NO;
				GCC_ENABLE_OBJC_EXCEPTIONS = YES;
				GCC_OPTIMIZATION_LEVEL = 0;
				GCC_PREPROCESSOR_DEFINITIONS = (
					"DEBUG=1",
					"$(inherited)",
				);
				GCC_SYMBOLS_PRIVATE_EXTERN = NO;
				GCC_WARN_64_TO_32_BIT_CONVERSION = YES;
				GCC_WARN_ABOUT_RETURN_TYPE = YES;
				GCC_WARN_UNINITIALIZED_AUTOS = YES;
				GCC_WARN_UNUSED_VARIABLE = YES;
				MACOSX_DEPLOYMENT_TARGET = 10.8;
				ONLY_ACTIVE_ARCH = YES;
				SDKROOT = macosx;
			};
			name = Debug;
		};
		03E9297A168BC712006ABA92 /* Release */ = {
			isa = XCBuildConfiguration;
			buildSettings = {
				ALWAYS_SEARCH_USER_PATHS = NO;
				ARCHS = "$(ARCHS_STANDARD_64_BIT)";
				CLANG_CXX_LANGUAGE_STANDARD = "gnu++0x";
				CLANG_CXX_LIBRARY = "libc++";
				CLANG_ENABLE_OBJC_ARC = YES;
				CLANG_WARN_EMPTY_BODY = YES;
				CLANG_WARN__DUPLICATE_METHOD_MATCH = YES;
				COPY_PHASE_STRIP = YES;
				DEBUG_INFORMATION_FORMAT = "dwarf-with-dsym";
				GCC_C_LANGUAGE_STANDARD = gnu99;
				GCC_ENABLE_OBJC_EXCEPTIONS = YES;
				GCC_WARN_64_TO_32_BIT_CONVERSION = YES;
				GCC_WARN_ABOUT_RETURN_TYPE = YES;
				GCC_WARN_UNINITIALIZED_AUTOS = YES;
				GCC_WARN_UNUSED_VARIABLE = YES;
				MACOSX_DEPLOYMENT_TARGET = 10.8;
				SDKROOT = macosx;
			};
			name = Release;
		};
		03E9297C168BC712006ABA92 /* Debug */ = {
			isa = XCBuildConfiguration;
			buildSettings = {
				COMBINE_HIDPI_IMAGES = YES;
				GCC_PRECOMPILE_PREFIX_HEADER = YES;
				GCC_PREFIX_HEADER = "tasty/tasty-Prefix.pch";
				INFOPLIST_FILE = "tasty/tasty-Info.plist";
				PRODUCT_NAME = "$(TARGET_NAME)";
				WRAPPER_EXTENSION = app;
			};
			name = Debug;
		};
		03E9297D168BC712006ABA92 /* Release */ = {
			isa = XCBuildConfiguration;
			buildSettings = {
				COMBINE_HIDPI_IMAGES = YES;
				GCC_PRECOMPILE_PREFIX_HEADER = YES;
				GCC_PREFIX_HEADER = "tasty/tasty-Prefix.pch";
				INFOPLIST_FILE = "tasty/tasty-Info.plist";
				PRODUCT_NAME = "$(TARGET_NAME)";
				WRAPPER_EXTENSION = app;
			};
			name = Release;
		};
/* End XCBuildConfiguration section */

/* Begin XCConfigurationList section */
		03E92957168BC711006ABA92 /* Build configuration list for PBXProject "tasty" */ = {
			isa = XCConfigurationList;
			buildConfigurations = (
				03E92979168BC712006ABA92 /* Debug */,
				03E9297A168BC712006ABA92 /* Release */,
			);
			defaultConfigurationIsVisible = 0;
			defaultConfigurationName = Release;
		};
		03E9297B168BC712006ABA92 /* Build configuration list for PBXNativeTarget "tasty" */ = {
			isa = XCConfigurationList;
			buildConfigurations = (
				03E9297C168BC712006ABA92 /* Debug */,
				03E9297D168BC712006ABA92 /* Release */,
			);
			defaultConfigurationIsVisible = 0;
			defaultConfigurationName = Release;
		};
/* End XCConfigurationList section */
	};
	rootObject = 03E92954168BC711006ABA92 /* Project object */;
}
